
Microsoft Visual Studio Solution File, Format Version 12.00
# Visual Studio Version 17
VisualStudioVersion = 17.0.31903.59
MinimumVisualStudioVersion = 10.0.40219.1
Project("{2150E333-8FDC-42A3-9474-1A3956D46DE8}") = "Infrastructure", "Infrastructure", "{CC9C3D83-742C-4DE0-BA0D-542CF654AD32}"
EndProject
Project("{2150E333-8FDC-42A3-9474-1A3956D46DE8}") = "Core", "Core", "{60AF045B-4FF6-4A97-A2F9-FC47E782542E}"
EndProject
Project("{2150E333-8FDC-42A3-9474-1A3956D46DE8}") = "Presentation", "Presentation", "{D6EB8A5F-1456-44AB-A62E-62E4CEE3A201}"
EndProject
Project("{FAE04EC0-301F-11D3-BF4B-00C04F79EFBC}") = "Kwtc.ErrorMonitoring.Application.Abstractions", "src\Core\Kwtc.ErrorMonitoring.Application.Abstractions\Kwtc.ErrorMonitoring.Application.Abstractions.csproj", "{44B692C9-8773-4BD3-A449-AA2E13ED94F0}"
EndProject
Project("{FAE04EC0-301F-11D3-BF4B-00C04F79EFBC}") = "Kwtc.ErrorMonitoring.Domain", "src\Core\Kwtc.ErrorMonitoring.Domain\Kwtc.ErrorMonitoring.Domain.csproj", "{4AC406A7-F0A5-424F-8F45-82F867B5A215}"
EndProject
Project("{FAE04EC0-301F-11D3-BF4B-00C04F79EFBC}") = "Kwtc.ErrorMonitoring.Application", "src\Infrastructure\Kwtc.ErrorMonitoring.Application\Kwtc.ErrorMonitoring.Application.csproj", "{79F1E18A-8FAD-406C-A3DE-7E3D39B59F7D}"
EndProject
Project("{FAE04EC0-301F-11D3-BF4B-00C04F79EFBC}") = "Kwtc.ErrorMonitoring.Api", "src\Presentation\Kwtc.ErrorMonitoring.Api\Kwtc.ErrorMonitoring.Api.csproj", "{DBB23B57-D22B-468F-8E87-05ACBDCB9923}"
EndProject
Project("{FAE04EC0-301F-11D3-BF4B-00C04F79EFBC}") = "Kwtc.ErrorMonitoring.Persistence", "src\Infrastructure\Kwtc.ErrorMonitoring.Persistence\Kwtc.ErrorMonitoring.Persistence.csproj", "{B5284EB1-DC74-43CA-B447-CC66A295C5EF}"
EndProject
Project("{2150E333-8FDC-42A3-9474-1A3956D46DE8}") = "Test", "Test", "{C61DFDEC-27E0-4FF9-9FF3-8A83A1401171}"
EndProject
Project("{FAE04EC0-301F-11D3-BF4B-00C04F79EFBC}") = "Kwtc.ErrorMonitoring.Application.Tests", "tests\Infrastructure\Kwtc.ErrorMonitoring.Application.Tests\Kwtc.ErrorMonitoring.Application.Tests.csproj", "{A5656BA9-A056-4D3B-A2F5-B0D5043EFB9B}"
EndProject
Project("{FAE04EC0-301F-11D3-BF4B-00C04F79EFBC}") = "Kwtc.ErrorMonitoring.WebApi", "src\Presentation\Kwtc.ErrorMonitoring.WebApi\Kwtc.ErrorMonitoring.WebApi.csproj", "{6AC2CF0B-A852-4117-A70D-9130748C41AE}"
EndProject
Global
	GlobalSection(SolutionConfigurationPlatforms) = preSolution
		Debug|Any CPU = Debug|Any CPU
		Release|Any CPU = Release|Any CPU
	EndGlobalSection
	GlobalSection(SolutionProperties) = preSolution
		HideSolutionNode = FALSE
	EndGlobalSection
	GlobalSection(NestedProjects) = preSolution
		{44B692C9-8773-4BD3-A449-AA2E13ED94F0} = {60AF045B-4FF6-4A97-A2F9-FC47E782542E}
		{4AC406A7-F0A5-424F-8F45-82F867B5A215} = {60AF045B-4FF6-4A97-A2F9-FC47E782542E}
		{79F1E18A-8FAD-406C-A3DE-7E3D39B59F7D} = {CC9C3D83-742C-4DE0-BA0D-542CF654AD32}
		{DBB23B57-D22B-468F-8E87-05ACBDCB9923} = {D6EB8A5F-1456-44AB-A62E-62E4CEE3A201}
		{B5284EB1-DC74-43CA-B447-CC66A295C5EF} = {CC9C3D83-742C-4DE0-BA0D-542CF654AD32}
		{A5656BA9-A056-4D3B-A2F5-B0D5043EFB9B} = {C61DFDEC-27E0-4FF9-9FF3-8A83A1401171}
		{6AC2CF0B-A852-4117-A70D-9130748C41AE} = {D6EB8A5F-1456-44AB-A62E-62E4CEE3A201}
	EndGlobalSection
	GlobalSection(ProjectConfigurationPlatforms) = postSolution
		{44B692C9-8773-4BD3-A449-AA2E13ED94F0}.Debug|Any CPU.ActiveCfg = Debug|Any CPU
		{44B692C9-8773-4BD3-A449-AA2E13ED94F0}.Debug|Any CPU.Build.0 = Debug|Any CPU
		{44B692C9-8773-4BD3-A449-AA2E13ED94F0}.Release|Any CPU.ActiveCfg = Release|Any CPU
		{44B692C9-8773-4BD3-A449-AA2E13ED94F0}.Release|Any CPU.Build.0 = Release|Any CPU
		{4AC406A7-F0A5-424F-8F45-82F867B5A215}.Debug|Any CPU.ActiveCfg = Debug|Any CPU
		{4AC406A7-F0A5-424F-8F45-82F867B5A215}.Debug|Any CPU.Build.0 = Debug|Any CPU
		{4AC406A7-F0A5-424F-8F45-82F867B5A215}.Release|Any CPU.ActiveCfg = Release|Any CPU
		{4AC406A7-F0A5-424F-8F45-82F867B5A215}.Release|Any CPU.Build.0 = Release|Any CPU
		{79F1E18A-8FAD-406C-A3DE-7E3D39B59F7D}.Debug|Any CPU.ActiveCfg = Debug|Any CPU
		{79F1E18A-8FAD-406C-A3DE-7E3D39B59F7D}.Debug|Any CPU.Build.0 = Debug|Any CPU
		{79F1E18A-8FAD-406C-A3DE-7E3D39B59F7D}.Release|Any CPU.ActiveCfg = Release|Any CPU
		{79F1E18A-8FAD-406C-A3DE-7E3D39B59F7D}.Release|Any CPU.Build.0 = Release|Any CPU
		{DBB23B57-D22B-468F-8E87-05ACBDCB9923}.Debug|Any CPU.ActiveCfg = Debug|Any CPU
		{DBB23B57-D22B-468F-8E87-05ACBDCB9923}.Debug|Any CPU.Build.0 = Debug|Any CPU
		{DBB23B57-D22B-468F-8E87-05ACBDCB9923}.Release|Any CPU.ActiveCfg = Release|Any CPU
		{DBB23B57-D22B-468F-8E87-05ACBDCB9923}.Release|Any CPU.Build.0 = Release|Any CPU
		{B5284EB1-DC74-43CA-B447-CC66A295C5EF}.Debug|Any CPU.ActiveCfg = Debug|Any CPU
		{B5284EB1-DC74-43CA-B447-CC66A295C5EF}.Debug|Any CPU.Build.0 = Debug|Any CPU
		{B5284EB1-DC74-43CA-B447-CC66A295C5EF}.Release|Any CPU.ActiveCfg = Release|Any CPU
		{B5284EB1-DC74-43CA-B447-CC66A295C5EF}.Release|Any CPU.Build.0 = Release|Any CPU
		{A5656BA9-A056-4D3B-A2F5-B0D5043EFB9B}.Debug|Any CPU.ActiveCfg = Debug|Any CPU
		{A5656BA9-A056-4D3B-A2F5-B0D5043EFB9B}.Debug|Any CPU.Build.0 = Debug|Any CPU
		{A5656BA9-A056-4D3B-A2F5-B0D5043EFB9B}.Release|Any CPU.ActiveCfg = Release|Any CPU
		{A5656BA9-A056-4D3B-A2F5-B0D5043EFB9B}.Release|Any CPU.Build.0 = Release|Any CPU
		{6AC2CF0B-A852-4117-A70D-9130748C41AE}.Debug|Any CPU.ActiveCfg = Debug|Any CPU
		{6AC2CF0B-A852-4117-A70D-9130748C41AE}.Debug|Any CPU.Build.0 = Debug|Any CPU
		{6AC2CF0B-A852-4117-A70D-9130748C41AE}.Release|Any CPU.ActiveCfg = Release|Any CPU
		{6AC2CF0B-A852-4117-A70D-9130748C41AE}.Release|Any CPU.Build.0 = Release|Any CPU
	EndGlobalSection
EndGlobal
